
Microsoft Visual Studio Solution File, Format Version 12.00
# Visual Studio 2013
VisualStudioVersion = 12.0.21005.1
MinimumVisualStudioVersion = 10.0.40219.1
Project("{FAE04EC0-301F-11D3-BF4B-00C04F79EFBC}") = "AplicacionWeb", "AplicacionWeb\AplicacionWeb.csproj", "{376F025C-2D9C-4781-8E8B-32F534F7E349}"
	ProjectSection(ProjectDependencies) = postProject
		{ED22763B-9BF1-4C92-881F-DD33F043FC84} = {ED22763B-9BF1-4C92-881F-DD33F043FC84}
	EndProjectSection
EndProject
Project("{FAE04EC0-301F-11D3-BF4B-00C04F79EFBC}") = "Logica", "Logica\Logica.csproj", "{2610DAB8-369A-45AF-A8A1-07F963203F78}"
EndProject
Project("{FAE04EC0-301F-11D3-BF4B-00C04F79EFBC}") = "WebService", "WebService\WebService.csproj", "{ED22763B-9BF1-4C92-881F-DD33F043FC84}"
EndProject
Global
	GlobalSection(SolutionConfigurationPlatforms) = preSolution
		Debug|Any CPU = Debug|Any CPU
		Release|Any CPU = Release|Any CPU
	EndGlobalSection
	GlobalSection(ProjectConfigurationPlatforms) = postSolution
		{376F025C-2D9C-4781-8E8B-32F534F7E349}.Debug|Any CPU.ActiveCfg = Debug|Any CPU
		{376F025C-2D9C-4781-8E8B-32F534F7E349}.Debug|Any CPU.Build.0 = Debug|Any CPU
		{376F025C-2D9C-4781-8E8B-32F534F7E349}.Release|Any CPU.ActiveCfg = Release|Any CPU
		{376F025C-2D9C-4781-8E8B-32F534F7E349}.Release|Any CPU.Build.0 = Release|Any CPU
		{2610DAB8-369A-45AF-A8A1-07F963203F78}.Debug|Any CPU.ActiveCfg = Debug|Any CPU
		{2610DAB8-369A-45AF-A8A1-07F963203F78}.Debug|Any CPU.Build.0 = Debug|Any CPU
		{2610DAB8-369A-45AF-A8A1-07F963203F78}.Release|Any CPU.ActiveCfg = Release|Any CPU
		{2610DAB8-369A-45AF-A8A1-07F963203F78}.Release|Any CPU.Build.0 = Release|Any CPU
		{ED22763B-9BF1-4C92-881F-DD33F043FC84}.Debug|Any CPU.ActiveCfg = Debug|Any CPU
		{ED22763B-9BF1-4C92-881F-DD33F043FC84}.Debug|Any CPU.Build.0 = Debug|Any CPU
		{ED22763B-9BF1-4C92-881F-DD33F043FC84}.Release|Any CPU.ActiveCfg = Release|Any CPU
		{ED22763B-9BF1-4C92-881F-DD33F043FC84}.Release|Any CPU.Build.0 = Release|Any CPU
	EndGlobalSection
	GlobalSection(SolutionProperties) = preSolution
		HideSolutionNode = FALSE
	EndGlobalSection
EndGlobal
